<Solution>
  <Project Path="MikeNspiredXRIStarterKit.Runtime.csproj" />
  <Project Path="Assembly-CSharp.csproj" />
  <Project Path="Rowlan.YAPP.Editor.csproj" />
  <Project Path="Rowlan.YAPP.Runtime.csproj" />
  <Project Path="MikeNspired XR HandPoser Editor.csproj" />
  <Project Path="Unity.XR.Interaction.Toolkit.Samples.StarterAssets.csproj" />
  <Project Path="Unity.XR.Interaction.Toolkit.Samples.StarterAssets.Editor.csproj" />
  <Project Path="Unity.XR.Interaction.Toolkit.Samples.Hands.csproj" />
  <Project Path="Unity.XR.Hands.Samples.VisualizerSample.csproj" />
  <Project Path="Unity.XR.Interaction.Toolkit.Samples.Hands.Editor.csproj" />
</Solution>
